
Microsoft Visual Studio Solution File, Format Version 12.00
# Visual Studio Version 17
VisualStudioVersion = 17.10.34916.146
MinimumVisualStudioVersion = 10.0.40219.1
Project("{FAE04EC0-301F-11D3-BF4B-00C04F79EFBC}") = "Core", "Core\Core.csproj", "{293B6DBF-8712-4DAA-AC85-AE3CEC422FEF}"
EndProject
Project("{FAE04EC0-301F-11D3-BF4B-00C04F79EFBC}") = "Data", "Data\Data.csproj", "{80F029D8-9E50-4DA6-A9E4-C1B1EC3839E1}"
EndProject
Project("{FAE04EC0-301F-11D3-BF4B-00C04F79EFBC}") = "Application", "Application\Application.csproj", "{658C13D7-B43B-4B38-A183-CE2372387B3E}"
EndProject
Project("{FAE04EC0-301F-11D3-BF4B-00C04F79EFBC}") = "Presentation", "Presentation\Presentation.csproj", "{7B02914A-3ECA-463B-A44B-AA707F4DD487}"
EndProject
Global
	GlobalSection(SolutionConfigurationPlatforms) = preSolution
		Debug|Any CPU = Debug|Any CPU
		Release|Any CPU = Release|Any CPU
	EndGlobalSection
	GlobalSection(ProjectConfigurationPlatforms) = postSolution
		{293B6DBF-8712-4DAA-AC85-AE3CEC422FEF}.Debug|Any CPU.ActiveCfg = Debug|Any CPU
		{293B6DBF-8712-4DAA-AC85-AE3CEC422FEF}.Debug|Any CPU.Build.0 = Debug|Any CPU
		{293B6DBF-8712-4DAA-AC85-AE3CEC422FEF}.Release|Any CPU.ActiveCfg = Release|Any CPU
		{293B6DBF-8712-4DAA-AC85-AE3CEC422FEF}.Release|Any CPU.Build.0 = Release|Any CPU
		{80F029D8-9E50-4DA6-A9E4-C1B1EC3839E1}.Debug|Any CPU.ActiveCfg = Debug|Any CPU
		{80F029D8-9E50-4DA6-A9E4-C1B1EC3839E1}.Debug|Any CPU.Build.0 = Debug|Any CPU
		{80F029D8-9E50-4DA6-A9E4-C1B1EC3839E1}.Release|Any CPU.ActiveCfg = Release|Any CPU
		{80F029D8-9E50-4DA6-A9E4-C1B1EC3839E1}.Release|Any CPU.Build.0 = Release|Any CPU
		{658C13D7-B43B-4B38-A183-CE2372387B3E}.Debug|Any CPU.ActiveCfg = Debug|Any CPU
		{658C13D7-B43B-4B38-A183-CE2372387B3E}.Debug|Any CPU.Build.0 = Debug|Any CPU
		{658C13D7-B43B-4B38-A183-CE2372387B3E}.Release|Any CPU.ActiveCfg = Release|Any CPU
		{658C13D7-B43B-4B38-A183-CE2372387B3E}.Release|Any CPU.Build.0 = Release|Any CPU
		{7B02914A-3ECA-463B-A44B-AA707F4DD487}.Debug|Any CPU.ActiveCfg = Debug|Any CPU
		{7B02914A-3ECA-463B-A44B-AA707F4DD487}.Debug|Any CPU.Build.0 = Debug|Any CPU
		{7B02914A-3ECA-463B-A44B-AA707F4DD487}.Release|Any CPU.ActiveCfg = Release|Any CPU
		{7B02914A-3ECA-463B-A44B-AA707F4DD487}.Release|Any CPU.Build.0 = Release|Any CPU
	EndGlobalSection
	GlobalSection(SolutionProperties) = preSolution
		HideSolutionNode = FALSE
	EndGlobalSection
	GlobalSection(ExtensibilityGlobals) = postSolution
		SolutionGuid = {B102067A-7082-4E6E-B7E4-942DEAA84AD9}
	EndGlobalSection
EndGlobal
